Microsoft Visual Studio Solution File, Format Version 12.00
# Visual Studio 14
VisualStudioVersion = 14.0.25123.0
MinimumVisualStudioVersion = 10.0.40219.1
Project("{FAE04EC0-301F-11D3-BF4B-00C04F79EFBC}") = "console-agent-app-csharp", "console-agent-app-csharp.csproj", "{F8F3901D-162B-4C56-B75C-17E5FDEF353C}"
EndProject
Project("{FAE04EC0-301F-11D3-BF4B-00C04F79EFBC}") = "Genesys.Workspace", "..\workspace-client-csharp\src\Genesys.Workspace\Genesys.Workspace.csproj", "{A37DD118-9D07-46EB-B6D9-DC614A0CDAAA}"
EndProject
Global
	GlobalSection(SolutionConfigurationPlatforms) = preSolution
		Debug|Any CPU = Debug|Any CPU
		Debug|x86 = Debug|x86
		Release|Any CPU = Release|Any CPU
		Release|x86 = Release|x86
	EndGlobalSection
	GlobalSection(ProjectConfigurationPlatforms) = postSolution
		{F8F3901D-162B-4C56-B75C-17E5FDEF353C}.Debug|Any CPU.ActiveCfg = Debug|Any CPU
		{F8F3901D-162B-4C56-B75C-17E5FDEF353C}.Debug|Any CPU.Build.0 = Debug|Any CPU
		{F8F3901D-162B-4C56-B75C-17E5FDEF353C}.Debug|x86.ActiveCfg = Debug|x86
		{F8F3901D-162B-4C56-B75C-17E5FDEF353C}.Debug|x86.Build.0 = Debug|x86
		{F8F3901D-162B-4C56-B75C-17E5FDEF353C}.Release|Any CPU.ActiveCfg = Release|x86
		{F8F3901D-162B-4C56-B75C-17E5FDEF353C}.Release|x86.ActiveCfg = Release|x86
		{F8F3901D-162B-4C56-B75C-17E5FDEF353C}.Release|x86.Build.0 = Release|x86
		{A37DD118-9D07-46EB-B6D9-DC614A0CDAAA}.Debug|Any CPU.ActiveCfg = Debug|Any CPU
		{A37DD118-9D07-46EB-B6D9-DC614A0CDAAA}.Debug|Any CPU.Build.0 = Debug|Any CPU
		{A37DD118-9D07-46EB-B6D9-DC614A0CDAAA}.Debug|x86.ActiveCfg = Debug|Any CPU
		{A37DD118-9D07-46EB-B6D9-DC614A0CDAAA}.Debug|x86.Build.0 = Debug|Any CPU
		{A37DD118-9D07-46EB-B6D9-DC614A0CDAAA}.Release|Any CPU.ActiveCfg = Release|Any CPU
		{A37DD118-9D07-46EB-B6D9-DC614A0CDAAA}.Release|Any CPU.Build.0 = Release|Any CPU
		{A37DD118-9D07-46EB-B6D9-DC614A0CDAAA}.Release|x86.ActiveCfg = Release|Any CPU
		{A37DD118-9D07-46EB-B6D9-DC614A0CDAAA}.Release|x86.Build.0 = Release|Any CPU
	EndGlobalSection
	GlobalSection(SolutionProperties) = preSolution
		HideSolutionNode = FALSE
	EndGlobalSection
EndGlobal
